{
  "name": "big-twos",
  "lockfileVersion": 2,
  "requires": true,
  "packages": {
    "": {
      "dependencies": {
        "deck-of-cards": "^0.1.8"
      }
    },
    "node_modules/deck-of-cards": {
      "version": "0.1.8",
      "resolved": "https://registry.npmjs.org/deck-of-cards/-/deck-of-cards-0.1.8.tgz",
      "integrity": "sha512-bmj5Y4uAQV9h+hrWqpHaODVdV1h8Naa5eQIJXWRnm3gzjqlqtVxxHnjxYwlv/ZkKlkdwvDyTLUqHWUDs4wPD2w=="
    }
  },
  "dependencies": {
    "deck-of-cards": {
      "version": "0.1.8",
      "resolved": "https://registry.npmjs.org/deck-of-cards/-/deck-of-cards-0.1.8.tgz",
      "integrity": "sha512-bmj5Y4uAQV9h+hrWqpHaODVdV1h8Naa5eQIJXWRnm3gzjqlqtVxxHnjxYwlv/ZkKlkdwvDyTLUqHWUDs4wPD2w=="
    }
  }
}
